
Microsoft Visual Studio Solution File, Format Version 12.00
# Visual Studio 14
VisualStudioVersion = 14.0.25420.1
MinimumVisualStudioVersion = 10.0.40219.1
Project("{FAE04EC0-301F-11D3-BF4B-00C04F79EFBC}") = "13-TopSpotsAPI", "13-TopSpotsAPI\13-TopSpotsAPI.csproj", "{1895DBA9-8A81-4D6D-B134-88D3ABF2C922}"
EndProject
Project("{FAE04EC0-301F-11D3-BF4B-00C04F79EFBC}") = "13-TopSpotsAPI.Tests", "13-TopSpotsAPI.Tests\13-TopSpotsAPI.Tests.csproj", "{33E242AF-A270-48AB-B301-2BEDC684D57E}"
EndProject
Global
	GlobalSection(SolutionConfigurationPlatforms) = preSolution
		Debug|Any CPU = Debug|Any CPU
		Release|Any CPU = Release|Any CPU
	EndGlobalSection
	GlobalSection(ProjectConfigurationPlatforms) = postSolution
		{1895DBA9-8A81-4D6D-B134-88D3ABF2C922}.Debug|Any CPU.ActiveCfg = Debug|Any CPU
		{1895DBA9-8A81-4D6D-B134-88D3ABF2C922}.Debug|Any CPU.Build.0 = Debug|Any CPU
		{1895DBA9-8A81-4D6D-B134-88D3ABF2C922}.Release|Any CPU.ActiveCfg = Release|Any CPU
		{1895DBA9-8A81-4D6D-B134-88D3ABF2C922}.Release|Any CPU.Build.0 = Release|Any CPU
		{33E242AF-A270-48AB-B301-2BEDC684D57E}.Debug|Any CPU.ActiveCfg = Debug|Any CPU
		{33E242AF-A270-48AB-B301-2BEDC684D57E}.Debug|Any CPU.Build.0 = Debug|Any CPU
		{33E242AF-A270-48AB-B301-2BEDC684D57E}.Release|Any CPU.ActiveCfg = Release|Any CPU
		{33E242AF-A270-48AB-B301-2BEDC684D57E}.Release|Any CPU.Build.0 = Release|Any CPU
	EndGlobalSection
	GlobalSection(SolutionProperties) = preSolution
		HideSolutionNode = FALSE
	EndGlobalSection
EndGlobal
